
Microsoft Visual Studio Solution File, Format Version 12.00
# Visual Studio 15
VisualStudioVersion = 15.0.28010.2016
MinimumVisualStudioVersion = 10.0.40219.1
Project("{9A19103F-16F7-4668-BE54-9A1E7A4F7556}") = "GroupC02_SMSC", "GroupC02_SMSC\GroupC02_SMSC.csproj", "{DD124EBE-52B9-4065-961C-F50A2B7F88A9}"
EndProject
Global
	GlobalSection(SolutionConfigurationPlatforms) = preSolution
		Debug|Any CPU = Debug|Any CPU
		Release|Any CPU = Release|Any CPU
	EndGlobalSection
	GlobalSection(ProjectConfigurationPlatforms) = postSolution
		{DD124EBE-52B9-4065-961C-F50A2B7F88A9}.Debug|Any CPU.ActiveCfg = Debug|Any CPU
		{DD124EBE-52B9-4065-961C-F50A2B7F88A9}.Debug|Any CPU.Build.0 = Debug|Any CPU
		{DD124EBE-52B9-4065-961C-F50A2B7F88A9}.Release|Any CPU.ActiveCfg = Release|Any CPU
		{DD124EBE-52B9-4065-961C-F50A2B7F88A9}.Release|Any CPU.Build.0 = Release|Any CPU
	EndGlobalSection
	GlobalSection(SolutionProperties) = preSolution
		HideSolutionNode = FALSE
	EndGlobalSection
	GlobalSection(ExtensibilityGlobals) = postSolution
		SolutionGuid = {42C262AA-81FA-455E-BE2F-DC6C691CF507}
	EndGlobalSection
EndGlobal
